
Microsoft Visual Studio Solution File, Format Version 12.00
# Visual Studio Version 16
VisualStudioVersion = 16.0.32929.386
MinimumVisualStudioVersion = 10.0.40219.1
Project("{FAE04EC0-301F-11D3-BF4B-00C04F79EFBC}") = "RentACar_MVC", "RentACar\RentACar_MVC.csproj", "{48610D3E-020D-4DA5-8902-1B14971D54B2}"
EndProject
Project("{FAE04EC0-301F-11D3-BF4B-00C04F79EFBC}") = "RentACar_API", "RentACar_API\RentACar_API.csproj", "{7943A649-90D1-4EC2-81FB-AC82C8B2735F}"
EndProject
Project("{FAE04EC0-301F-11D3-BF4B-00C04F79EFBC}") = "RentACar_Modelos", "RentACar_Modelos\RentACar_Modelos.csproj", "{EA498F6B-6D81-4BCE-8C9A-DBE244CB360B}"
EndProject
Global
	GlobalSection(SolutionConfigurationPlatforms) = preSolution
		Debug|Any CPU = Debug|Any CPU
		Release|Any CPU = Release|Any CPU
	EndGlobalSection
	GlobalSection(ProjectConfigurationPlatforms) = postSolution
		{48610D3E-020D-4DA5-8902-1B14971D54B2}.Debug|Any CPU.ActiveCfg = Debug|Any CPU
		{48610D3E-020D-4DA5-8902-1B14971D54B2}.Debug|Any CPU.Build.0 = Debug|Any CPU
		{48610D3E-020D-4DA5-8902-1B14971D54B2}.Release|Any CPU.ActiveCfg = Release|Any CPU
		{48610D3E-020D-4DA5-8902-1B14971D54B2}.Release|Any CPU.Build.0 = Release|Any CPU
		{7943A649-90D1-4EC2-81FB-AC82C8B2735F}.Debug|Any CPU.ActiveCfg = Debug|Any CPU
		{7943A649-90D1-4EC2-81FB-AC82C8B2735F}.Debug|Any CPU.Build.0 = Debug|Any CPU
		{7943A649-90D1-4EC2-81FB-AC82C8B2735F}.Release|Any CPU.ActiveCfg = Release|Any CPU
		{7943A649-90D1-4EC2-81FB-AC82C8B2735F}.Release|Any CPU.Build.0 = Release|Any CPU
		{EA498F6B-6D81-4BCE-8C9A-DBE244CB360B}.Debug|Any CPU.ActiveCfg = Debug|Any CPU
		{EA498F6B-6D81-4BCE-8C9A-DBE244CB360B}.Debug|Any CPU.Build.0 = Debug|Any CPU
		{EA498F6B-6D81-4BCE-8C9A-DBE244CB360B}.Release|Any CPU.ActiveCfg = Release|Any CPU
		{EA498F6B-6D81-4BCE-8C9A-DBE244CB360B}.Release|Any CPU.Build.0 = Release|Any CPU
	EndGlobalSection
	GlobalSection(SolutionProperties) = preSolution
		HideSolutionNode = FALSE
	EndGlobalSection
	GlobalSection(ExtensibilityGlobals) = postSolution
		SolutionGuid = {E940753F-09F7-421D-A046-5A4B4570D867}
	EndGlobalSection
EndGlobal
